
Microsoft Visual Studio Solution File, Format Version 12.00
# Visual Studio Version 17
VisualStudioVersion = 17.0.32014.148
MinimumVisualStudioVersion = 10.0.40219.1
Project("{9A19103F-16F7-4668-BE54-9A1E7A4F7556}") = "IrisClient", ".\IrisClient\IrisClient.csproj", "{910E2ED4-67B6-4915-BA77-162AC25C7914}"
EndProject
Global
	GlobalSection(SolutionConfigurationPlatforms) = preSolution
		Debug|Any CPU = Debug|Any CPU
		Release|Any CPU = Release|Any CPU
	EndGlobalSection
	GlobalSection(ProjectConfigurationPlatforms) = postSolution
		{910E2ED4-67B6-4915-BA77-162AC25C7914}.Debug|Any CPU.ActiveCfg = Debug|Any CPU
		{910E2ED4-67B6-4915-BA77-162AC25C7914}.Debug|Any CPU.Build.0 = Debug|Any CPU
		{910E2ED4-67B6-4915-BA77-162AC25C7914}.Release|Any CPU.ActiveCfg = Release|Any CPU
		{910E2ED4-67B6-4915-BA77-162AC25C7914}.Release|Any CPU.Build.0 = Release|Any CPU
		{F637837D-6EE2-47AA-9438-DABD9C026663}.Debug|Any CPU.ActiveCfg = Debug|Any CPU
		{F637837D-6EE2-47AA-9438-DABD9C026663}.Debug|Any CPU.Build.0 = Debug|Any CPU
		{F637837D-6EE2-47AA-9438-DABD9C026663}.Debug|Any CPU.Deploy.0 = Debug|Any CPU
		{F637837D-6EE2-47AA-9438-DABD9C026663}.Release|Any CPU.ActiveCfg = Release|Any CPU
		{F637837D-6EE2-47AA-9438-DABD9C026663}.Release|Any CPU.Build.0 = Release|Any CPU
		{F637837D-6EE2-47AA-9438-DABD9C026663}.Release|Any CPU.Deploy.0 = Release|Any CPU
	EndGlobalSection
	GlobalSection(SolutionProperties) = preSolution
		HideSolutionNode = FALSE
	EndGlobalSection
	GlobalSection(ExtensibilityGlobals) = postSolution
		SolutionGuid = {F1E386A4-B423-4002-A6E3-99CF8CEECBC3}
	EndGlobalSection
EndGlobal
